// !$*UTF8*$!
{
	archiveVersion = 1;
	classes = {
	};
	objectVersion = 52;
	objects = {

/* Begin PBXBuildFile section */
		D8278118259CD4DB00A1B6CA /* SwiftDate in Frameworks */ = {isa = PBXBuildFile; productRef = D8278117259CD4DB00A1B6CA /* SwiftDate */; };
		D8336130259CA36300E802D6 /* SwiftRRule.framework in Frameworks */ = {isa = PBXBuildFile; fileRef = D8336126259CA36300E802D6 /* SwiftRRule.framework */; };
		D8609BAE259CAFC300DC5109 /* Nimble in Frameworks */ = {isa = PBXBuildFile; productRef = D8609BAD259CAFC300DC5109 /* Nimble */; };
		D8ACE8BE25BBED140075065B /* RRuleFreqSpec.swift in Sources */ = {isa = PBXBuildFile; fileRef = D8ACE8BD25BBED140075065B /* RRuleFreqSpec.swift */; };
		D8ACE8C225BBEF640075065B /* RRuleMonthSpec.swift in Sources */ = {isa = PBXBuildFile; fileRef = D8ACE8C125BBEF640075065B /* RRuleMonthSpec.swift */; };
		D8ACE8C625BBF29A0075065B /* RRuleWeekDaySpec.swift in Sources */ = {isa = PBXBuildFile; fileRef = D8ACE8C525BBF29A0075065B /* RRuleWeekDaySpec.swift */; };
		D8ACE8DC25BC042B0075065B /* Month+RRuleMonthInteropSpec.swift in Sources */ = {isa = PBXBuildFile; fileRef = D8ACE8DA25BC042B0075065B /* Month+RRuleMonthInteropSpec.swift */; };
		D8ACE8DD25BC042B0075065B /* Number+FlattenableSpec.swift in Sources */ = {isa = PBXBuildFile; fileRef = D8ACE8DB25BC042B0075065B /* Number+FlattenableSpec.swift */; };
		D8ACE8E325BC045B0075065B /* Number+PartitionableSpec.swift in Sources */ = {isa = PBXBuildFile; fileRef = D8ACE8E225BC045B0075065B /* Number+PartitionableSpec.swift */; };
		D8ACE8E725BC04FA0075065B /* WeekDay+RRuleWeekDayInteropSpec.swift in Sources */ = {isa = PBXBuildFile; fileRef = D8ACE8E625BC04FA0075065B /* WeekDay+RRuleWeekDayInteropSpec.swift */; };
		D8ACE8F325BC06420075065B /* RRuleSpec.swift in Sources */ = {isa = PBXBuildFile; fileRef = D8ACE8F225BC06420075065B /* RRuleSpec.swift */; };
		D8ACE8F725BC07540075065B /* RecurrableSpec.swift in Sources */ = {isa = PBXBuildFile; fileRef = D8ACE8F625BC07540075065B /* RecurrableSpec.swift */; };
		D8ACE8FD25BC0E0B0075065B /* MultiSpec.swift in Sources */ = {isa = PBXBuildFile; fileRef = D8ACE8FC25BC0E0B0075065B /* MultiSpec.swift */; };
		D8B6A6BD25A137D20050A157 /* Quick in Frameworks */ = {isa = PBXBuildFile; productRef = D8B6A6BC25A137D20050A157 /* Quick */; };
		D8CECDA825BAA5B0008DEC70 /* RRuleFreq.swift in Sources */ = {isa = PBXBuildFile; fileRef = D8CECDA325BAA5B0008DEC70 /* RRuleFreq.swift */; };
		D8CECDA925BAA5B0008DEC70 /* RRuleWeekDay.swift in Sources */ = {isa = PBXBuildFile; fileRef = D8CECDA425BAA5B0008DEC70 /* RRuleWeekDay.swift */; };
		D8CECDAA25BAA5B0008DEC70 /* RRuleDetail.swift in Sources */ = {isa = PBXBuildFile; fileRef = D8CECDA525BAA5B0008DEC70 /* RRuleDetail.swift */; };
		D8CECDAB25BAA5B0008DEC70 /* RRuleMonth.swift in Sources */ = {isa = PBXBuildFile; fileRef = D8CECDA625BAA5B0008DEC70 /* RRuleMonth.swift */; };
		D8CECDAC25BAA5B0008DEC70 /* RRule.swift in Sources */ = {isa = PBXBuildFile; fileRef = D8CECDA725BAA5B0008DEC70 /* RRule.swift */; };
		D8CECDB225BAA5C6008DEC70 /* Recurrable.swift in Sources */ = {isa = PBXBuildFile; fileRef = D8CECDAF25BAA5C6008DEC70 /* Recurrable.swift */; };
		D8CECDB325BAA5C6008DEC70 /* Constants.swift in Sources */ = {isa = PBXBuildFile; fileRef = D8CECDB025BAA5C6008DEC70 /* Constants.swift */; };
		D8CECDB425BAA5C6008DEC70 /* Multi.swift in Sources */ = {isa = PBXBuildFile; fileRef = D8CECDB125BAA5C6008DEC70 /* Multi.swift */; };
		D8CECDBC25BAA5E6008DEC70 /* Iterable.swift in Sources */ = {isa = PBXBuildFile; fileRef = D8CECDB725BAA5E6008DEC70 /* Iterable.swift */; };
		D8CECDBD25BAA5E6008DEC70 /* Queryable.swift in Sources */ = {isa = PBXBuildFile; fileRef = D8CECDB825BAA5E6008DEC70 /* Queryable.swift */; };
		D8CECDBE25BAA5E6008DEC70 /* RFC5545.swift in Sources */ = {isa = PBXBuildFile; fileRef = D8CECDB925BAA5E6008DEC70 /* RFC5545.swift */; };
		D8CECDBF25BAA5E6008DEC70 /* Interop.swift in Sources */ = {isa = PBXBuildFile; fileRef = D8CECDBA25BAA5E6008DEC70 /* Interop.swift */; };
		D8CECDC825BAA617008DEC70 /* WeekDay+RRuleWeekDayInterop.swift in Sources */ = {isa = PBXBuildFile; fileRef = D8CECDC425BAA617008DEC70 /* WeekDay+RRuleWeekDayInterop.swift */; };
		D8CECDC925BAA617008DEC70 /* Month+RRuleMonthInterop.swift in Sources */ = {isa = PBXBuildFile; fileRef = D8CECDC525BAA617008DEC70 /* Month+RRuleMonthInterop.swift */; };
		D8CECDCA25BAA617008DEC70 /* Number+Flattenable.swift in Sources */ = {isa = PBXBuildFile; fileRef = D8CECDC625BAA617008DEC70 /* Number+Flattenable.swift */; };
		D8CECDCB25BAA617008DEC70 /* Number+Partitionable.swift in Sources */ = {isa = PBXBuildFile; fileRef = D8CECDC725BAA617008DEC70 /* Number+Partitionable.swift */; };
		D8CECDEA25BAA7A3008DEC70 /* RRuleDetailSpec.swift in Sources */ = {isa = PBXBuildFile; fileRef = D8CECDD125BAA653008DEC70 /* RRuleDetailSpec.swift */; };
/* End PBXBuildFile section */

/* Begin PBXContainerItemProxy section */
		D8336131259CA36300E802D6 /* PBXContainerItemProxy */ = {
			isa = PBXContainerItemProxy;
			containerPortal = D833611B259CA32600E802D6 /* Project object */;
			proxyType = 1;
			remoteGlobalIDString = D8336125259CA36300E802D6;
			remoteInfo = SwiftRRule;
		};
/* End PBXContainerItemProxy section */

/* Begin PBXFileReference section */
		D82668D025BAD5B0009B0875 /* README.md */ = {isa = PBXFileReference; lastKnownFileType = net.daringfireball.markdown; path = README.md; sourceTree = "<group>"; };
		D8278123259D116100A1B6CA /* Sandbox.playground */ = {isa = PBXFileReference; lastKnownFileType = file.playground; name = Sandbox.playground; path = "../../../Library/Autosave Information/Sandbox.playground"; sourceTree = "<group>"; xcLanguageSpecificationIdentifier = xcode.lang.swift; };
		D8336126259CA36300E802D6 /* SwiftRRule.framework */ = {isa = PBXFileReference; explicitFileType = wrapper.framework; includeInIndex = 0; path = SwiftRRule.framework; sourceTree = BUILT_PRODUCTS_DIR; };
		D833612F259CA36300E802D6 /* SwiftRRuleTests.xctest */ = {isa = PBXFileReference; explicitFileType = wrapper.cfbundle; includeInIndex = 0; path = SwiftRRuleTests.xctest; sourceTree = BUILT_PRODUCTS_DIR; };
		D8609B5E259CA42600DC5109 /* Info.plist */ = {isa = PBXFileReference; fileEncoding = 4; lastKnownFileType = text.plist.xml; name = Info.plist; path = Tests/Info.plist; sourceTree = "<group>"; };
		D8609B8B259CA71D00DC5109 /* Package.swift */ = {isa = PBXFileReference; lastKnownFileType = sourcecode.swift; path = Package.swift; sourceTree = "<group>"; };
		D8609B9C259CA8D100DC5109 /* Info.plist */ = {isa = PBXFileReference; lastKnownFileType = text.plist.xml; name = Info.plist; path = Source/Info.plist; sourceTree = "<group>"; };
		D8ACE8BD25BBED140075065B /* RRuleFreqSpec.swift */ = {isa = PBXFileReference; lastKnownFileType = sourcecode.swift; path = RRuleFreqSpec.swift; sourceTree = "<group>"; };
		D8ACE8C125BBEF640075065B /* RRuleMonthSpec.swift */ = {isa = PBXFileReference; lastKnownFileType = sourcecode.swift; path = RRuleMonthSpec.swift; sourceTree = "<group>"; };
		D8ACE8C525BBF29A0075065B /* RRuleWeekDaySpec.swift */ = {isa = PBXFileReference; lastKnownFileType = sourcecode.swift; path = RRuleWeekDaySpec.swift; sourceTree = "<group>"; };
		D8ACE8DA25BC042B0075065B /* Month+RRuleMonthInteropSpec.swift */ = {isa = PBXFileReference; fileEncoding = 4; lastKnownFileType = sourcecode.swift; name = "Month+RRuleMonthInteropSpec.swift"; path = "Tests/SwiftRRule/Categories/Month+RRuleMonthInteropSpec.swift"; sourceTree = "<group>"; };
		D8ACE8DB25BC042B0075065B /* Number+FlattenableSpec.swift */ = {isa = PBXFileReference; fileEncoding = 4; lastKnownFileType = sourcecode.swift; name = "Number+FlattenableSpec.swift"; path = "Tests/SwiftRRule/Categories/Number+FlattenableSpec.swift"; sourceTree = "<group>"; };
		D8ACE8E225BC045B0075065B /* Number+PartitionableSpec.swift */ = {isa = PBXFileReference; lastKnownFileType = sourcecode.swift; name = "Number+PartitionableSpec.swift"; path = "Tests/SwiftRRule/Categories/Number+PartitionableSpec.swift"; sourceTree = "<group>"; };
		D8ACE8E625BC04FA0075065B /* WeekDay+RRuleWeekDayInteropSpec.swift */ = {isa = PBXFileReference; lastKnownFileType = sourcecode.swift; name = "WeekDay+RRuleWeekDayInteropSpec.swift"; path = "Tests/SwiftRRule/Categories/WeekDay+RRuleWeekDayInteropSpec.swift"; sourceTree = "<group>"; };
		D8ACE8F225BC06420075065B /* RRuleSpec.swift */ = {isa = PBXFileReference; fileEncoding = 4; lastKnownFileType = sourcecode.swift; path = RRuleSpec.swift; sourceTree = "<group>"; };
		D8ACE8F625BC07540075065B /* RecurrableSpec.swift */ = {isa = PBXFileReference; lastKnownFileType = sourcecode.swift; name = RecurrableSpec.swift; path = Tests/SwiftRRule/RecurrableSpec.swift; sourceTree = "<group>"; };
		D8ACE8FC25BC0E0B0075065B /* MultiSpec.swift */ = {isa = PBXFileReference; lastKnownFileType = sourcecode.swift; name = MultiSpec.swift; path = Tests/SwiftRRule/MultiSpec.swift; sourceTree = "<group>"; };
		D8CECD9E25BAA591008DEC70 /* SwiftRRule.podspec */ = {isa = PBXFileReference; lastKnownFileType = text; path = SwiftRRule.podspec; sourceTree = "<group>"; };
		D8CECDA325BAA5B0008DEC70 /* RRuleFreq.swift */ = {isa = PBXFileReference; fileEncoding = 4; lastKnownFileType = sourcecode.swift; name = RRuleFreq.swift; path = Source/SwiftRRule/Types/RFC5545/RRuleFreq.swift; sourceTree = "<group>"; };
		D8CECDA425BAA5B0008DEC70 /* RRuleWeekDay.swift */ = {isa = PBXFileReference; fileEncoding = 4; lastKnownFileType = sourcecode.swift; name = RRuleWeekDay.swift; path = Source/SwiftRRule/Types/RFC5545/RRuleWeekDay.swift; sourceTree = "<group>"; };
		D8CECDA525BAA5B0008DEC70 /* RRuleDetail.swift */ = {isa = PBXFileReference; fileEncoding = 4; lastKnownFileType = sourcecode.swift; name = RRuleDetail.swift; path = Source/SwiftRRule/Types/RFC5545/RRuleDetail.swift; sourceTree = "<group>"; };
		D8CECDA625BAA5B0008DEC70 /* RRuleMonth.swift */ = {isa = PBXFileReference; fileEncoding = 4; lastKnownFileType = sourcecode.swift; name = RRuleMonth.swift; path = Source/SwiftRRule/Types/RFC5545/RRuleMonth.swift; sourceTree = "<group>"; };
		D8CECDA725BAA5B0008DEC70 /* RRule.swift */ = {isa = PBXFileReference; fileEncoding = 4; lastKnownFileType = sourcecode.swift; name = RRule.swift; path = Source/SwiftRRule/Types/RFC5545/RRule.swift; sourceTree = "<group>"; };
		D8CECDAF25BAA5C6008DEC70 /* Recurrable.swift */ = {isa = PBXFileReference; fileEncoding = 4; lastKnownFileType = sourcecode.swift; name = Recurrable.swift; path = Source/SwiftRRule/Types/Recurrable.swift; sourceTree = "<group>"; };
		D8CECDB025BAA5C6008DEC70 /* Constants.swift */ = {isa = PBXFileReference; fileEncoding = 4; lastKnownFileType = sourcecode.swift; name = Constants.swift; path = Source/SwiftRRule/Types/Constants.swift; sourceTree = "<group>"; };
		D8CECDB125BAA5C6008DEC70 /* Multi.swift */ = {isa = PBXFileReference; fileEncoding = 4; lastKnownFileType = sourcecode.swift; name = Multi.swift; path = Source/SwiftRRule/Types/Multi.swift; sourceTree = "<group>"; };
		D8CECDB725BAA5E6008DEC70 /* Iterable.swift */ = {isa = PBXFileReference; fileEncoding = 4; lastKnownFileType = sourcecode.swift; name = Iterable.swift; path = Source/SwiftRRule/Protocols/Iterable.swift; sourceTree = "<group>"; };
		D8CECDB825BAA5E6008DEC70 /* Queryable.swift */ = {isa = PBXFileReference; fileEncoding = 4; lastKnownFileType = sourcecode.swift; name = Queryable.swift; path = Source/SwiftRRule/Protocols/Queryable.swift; sourceTree = "<group>"; };
		D8CECDB925BAA5E6008DEC70 /* RFC5545.swift */ = {isa = PBXFileReference; fileEncoding = 4; lastKnownFileType = sourcecode.swift; name = RFC5545.swift; path = Source/SwiftRRule/Protocols/RFC5545.swift; sourceTree = "<group>"; };
		D8CECDBA25BAA5E6008DEC70 /* Interop.swift */ = {isa = PBXFileReference; fileEncoding = 4; lastKnownFileType = sourcecode.swift; name = Interop.swift; path = Source/SwiftRRule/Protocols/Interop.swift; sourceTree = "<group>"; };
		D8CECDC425BAA617008DEC70 /* WeekDay+RRuleWeekDayInterop.swift */ = {isa = PBXFileReference; fileEncoding = 4; lastKnownFileType = sourcecode.swift; name = "WeekDay+RRuleWeekDayInterop.swift"; path = "Source/SwiftRRule/Categories/WeekDay+RRuleWeekDayInterop.swift"; sourceTree = "<group>"; };
		D8CECDC525BAA617008DEC70 /* Month+RRuleMonthInterop.swift */ = {isa = PBXFileReference; fileEncoding = 4; lastKnownFileType = sourcecode.swift; name = "Month+RRuleMonthInterop.swift"; path = "Source/SwiftRRule/Categories/Month+RRuleMonthInterop.swift"; sourceTree = "<group>"; };
		D8CECDC625BAA617008DEC70 /* Number+Flattenable.swift */ = {isa = PBXFileReference; fileEncoding = 4; lastKnownFileType = sourcecode.swift; name = "Number+Flattenable.swift"; path = "Source/SwiftRRule/Categories/Number+Flattenable.swift"; sourceTree = "<group>"; };
		D8CECDC725BAA617008DEC70 /* Number+Partitionable.swift */ = {isa = PBXFileReference; fileEncoding = 4; lastKnownFileType = sourcecode.swift; name = "Number+Partitionable.swift"; path = "Source/SwiftRRule/Categories/Number+Partitionable.swift"; sourceTree = "<group>"; };
		D8CECDD125BAA653008DEC70 /* RRuleDetailSpec.swift */ = {isa = PBXFileReference; fileEncoding = 4; lastKnownFileType = sourcecode.swift; path = RRuleDetailSpec.swift; sourceTree = "<group>"; };
/* End PBXFileReference section */

/* Begin PBXFrameworksBuildPhase section */
		D8336123259CA36300E802D6 /* Frameworks */ = {
			isa = PBXFrameworksBuildPhase;
			buildActionMask = 2147483647;
			files = (
				D8278118259CD4DB00A1B6CA /* SwiftDate in Frameworks */,
			);
			runOnlyForDeploymentPostprocessing = 0;
		};
		D833612C259CA36300E802D6 /* Frameworks */ = {
			isa = PBXFrameworksBuildPhase;
			buildActionMask = 2147483647;
			files = (
				D8B6A6BD25A137D20050A157 /* Quick in Frameworks */,
				D8609BAE259CAFC300DC5109 /* Nimble in Frameworks */,
				D8336130259CA36300E802D6 /* SwiftRRule.framework in Frameworks */,
			);
			runOnlyForDeploymentPostprocessing = 0;
		};
/* End PBXFrameworksBuildPhase section */

/* Begin PBXGroup section */
		D8059FC125AD52D400CEB80F /* Types */ = {
			isa = PBXGroup;
			children = (
				D8CECDD025BAA653008DEC70 /* RFC5545 */,
				D8ACE8F625BC07540075065B /* RecurrableSpec.swift */,
				D8ACE8FC25BC0E0B0075065B /* MultiSpec.swift */,
			);
			name = Types;
			sourceTree = "<group>";
		};
		D8247EBB25B2E3E700671808 /* RFC5545 */ = {
			isa = PBXGroup;
			children = (
				D8CECDA725BAA5B0008DEC70 /* RRule.swift */,
				D8CECDA525BAA5B0008DEC70 /* RRuleDetail.swift */,
				D8CECDA325BAA5B0008DEC70 /* RRuleFreq.swift */,
				D8CECDA625BAA5B0008DEC70 /* RRuleMonth.swift */,
				D8CECDA425BAA5B0008DEC70 /* RRuleWeekDay.swift */,
			);
			name = RFC5545;
			sourceTree = "<group>";
		};
		D8278111259CD4A300A1B6CA /* Frameworks */ = {
			isa = PBXGroup;
			children = (
			);
			name = Frameworks;
			sourceTree = "<group>";
		};
		D833611A259CA32600E802D6 = {
			isa = PBXGroup;
			children = (
				D8278123259D116100A1B6CA /* Sandbox.playground */,
				D82668D025BAD5B0009B0875 /* README.md */,
				D8609B8A259CA70E00DC5109 /* Deployment */,
				D8609B8F259CA7D800DC5109 /* Source */,
				D8609B5C259CA40B00DC5109 /* Tests */,
				D8336127259CA36300E802D6 /* Products */,
				D8278111259CD4A300A1B6CA /* Frameworks */,
			);
			sourceTree = "<group>";
		};
		D8336127259CA36300E802D6 /* Products */ = {
			isa = PBXGroup;
			children = (
				D8336126259CA36300E802D6 /* SwiftRRule.framework */,
				D833612F259CA36300E802D6 /* SwiftRRuleTests.xctest */,
			);
			name = Products;
			sourceTree = "<group>";
		};
		D8609B5C259CA40B00DC5109 /* Tests */ = {
			isa = PBXGroup;
			children = (
				D8059FC125AD52D400CEB80F /* Types */,
				D8ACE8CB25BC01A30075065B /* Categories */,
				D8609B5D259CA41800DC5109 /* Supporting Files */,
			);
			name = Tests;
			sourceTree = "<group>";
		};
		D8609B5D259CA41800DC5109 /* Supporting Files */ = {
			isa = PBXGroup;
			children = (
				D8609B5E259CA42600DC5109 /* Info.plist */,
			);
			name = "Supporting Files";
			sourceTree = "<group>";
		};
		D8609B8A259CA70E00DC5109 /* Deployment */ = {
			isa = PBXGroup;
			children = (
				D8CECD9E25BAA591008DEC70 /* SwiftRRule.podspec */,
				D8609B8B259CA71D00DC5109 /* Package.swift */,
			);
			name = Deployment;
			sourceTree = "<group>";
		};
		D8609B8F259CA7D800DC5109 /* Source */ = {
			isa = PBXGroup;
			children = (
				D87BF86E25A07B7E006EAAC1 /* Types */,
				D8ABFD4125A073AC0066BDB2 /* Protocols */,
				D8CECDC325BAA5F8008DEC70 /* Categories */,
				D8609B9B259CA8BB00DC5109 /* Supporting Files */,
			);
			name = Source;
			sourceTree = "<group>";
		};
		D8609B9B259CA8BB00DC5109 /* Supporting Files */ = {
			isa = PBXGroup;
			children = (
				D8609B9C259CA8D100DC5109 /* Info.plist */,
			);
			name = "Supporting Files";
			sourceTree = "<group>";
		};
		D87BF86E25A07B7E006EAAC1 /* Types */ = {
			isa = PBXGroup;
			children = (
				D8247EBB25B2E3E700671808 /* RFC5545 */,
				D8CECDAF25BAA5C6008DEC70 /* Recurrable.swift */,
				D8CECDB125BAA5C6008DEC70 /* Multi.swift */,
				D8CECDB025BAA5C6008DEC70 /* Constants.swift */,
			);
			name = Types;
			sourceTree = "<group>";
		};
		D8ABFD4125A073AC0066BDB2 /* Protocols */ = {
			isa = PBXGroup;
			children = (
				D8CECDBA25BAA5E6008DEC70 /* Interop.swift */,
				D8CECDB725BAA5E6008DEC70 /* Iterable.swift */,
				D8CECDB825BAA5E6008DEC70 /* Queryable.swift */,
				D8CECDB925BAA5E6008DEC70 /* RFC5545.swift */,
			);
			name = Protocols;
			sourceTree = "<group>";
		};
		D8ACE8CB25BC01A30075065B /* Categories */ = {
			isa = PBXGroup;
			children = (
				D8ACE8DA25BC042B0075065B /* Month+RRuleMonthInteropSpec.swift */,
				D8ACE8DB25BC042B0075065B /* Number+FlattenableSpec.swift */,
				D8ACE8E225BC045B0075065B /* Number+PartitionableSpec.swift */,
				D8ACE8E625BC04FA0075065B /* WeekDay+RRuleWeekDayInteropSpec.swift */,
			);
			name = Categories;
			sourceTree = "<group>";
		};
		D8CECDC325BAA5F8008DEC70 /* Categories */ = {
			isa = PBXGroup;
			children = (
				D8CECDC525BAA617008DEC70 /* Month+RRuleMonthInterop.swift */,
				D8CECDC625BAA617008DEC70 /* Number+Flattenable.swift */,
				D8CECDC725BAA617008DEC70 /* Number+Partitionable.swift */,
				D8CECDC425BAA617008DEC70 /* WeekDay+RRuleWeekDayInterop.swift */,
			);
			name = Categories;
			sourceTree = "<group>";
		};
		D8CECDD025BAA653008DEC70 /* RFC5545 */ = {
			isa = PBXGroup;
			children = (
				D8ACE8F225BC06420075065B /* RRuleSpec.swift */,
				D8CECDD125BAA653008DEC70 /* RRuleDetailSpec.swift */,
				D8ACE8BD25BBED140075065B /* RRuleFreqSpec.swift */,
				D8ACE8C125BBEF640075065B /* RRuleMonthSpec.swift */,
				D8ACE8C525BBF29A0075065B /* RRuleWeekDaySpec.swift */,
			);
			name = RFC5545;
			path = Tests/SwiftRRule/Types/RFC5545;
			sourceTree = "<group>";
		};
/* End PBXGroup section */

/* Begin PBXHeadersBuildPhase section */
		D8336121259CA36300E802D6 /* Headers */ = {
			isa = PBXHeadersBuildPhase;
			buildActionMask = 2147483647;
			files = (
			);
			runOnlyForDeploymentPostprocessing = 0;
		};
/* End PBXHeadersBuildPhase section */

/* Begin PBXNativeTarget section */
		D8336125259CA36300E802D6 /* SwiftRRule */ = {
			isa = PBXNativeTarget;
			buildConfigurationList = D8336138259CA36300E802D6 /* Build configuration list for PBXNativeTarget "SwiftRRule" */;
			buildPhases = (
				D8336121259CA36300E802D6 /* Headers */,
				D8336122259CA36300E802D6 /* Sources */,
				D8336123259CA36300E802D6 /* Frameworks */,
				D8336124259CA36300E802D6 /* Resources */,
			);
			buildRules = (
			);
			dependencies = (
			);
			name = SwiftRRule;
			packageProductDependencies = (
				D8278117259CD4DB00A1B6CA /* SwiftDate */,
			);
			productName = SwiftRRule;
			productReference = D8336126259CA36300E802D6 /* SwiftRRule.framework */;
			productType = "com.apple.product-type.framework";
		};
		D833612E259CA36300E802D6 /* SwiftRRuleTests */ = {
			isa = PBXNativeTarget;
			buildConfigurationList = D833613B259CA36300E802D6 /* Build configuration list for PBXNativeTarget "SwiftRRuleTests" */;
			buildPhases = (
				D833612B259CA36300E802D6 /* Sources */,
				D833612C259CA36300E802D6 /* Frameworks */,
				D833612D259CA36300E802D6 /* Resources */,
			);
			buildRules = (
			);
			dependencies = (
				D8336132259CA36300E802D6 /* PBXTargetDependency */,
			);
			name = SwiftRRuleTests;
			packageProductDependencies = (
				D8609BAD259CAFC300DC5109 /* Nimble */,
				D8B6A6BC25A137D20050A157 /* Quick */,
			);
			productName = SwiftRRuleTests;
			productReference = D833612F259CA36300E802D6 /* SwiftRRuleTests.xctest */;
			productType = "com.apple.product-type.bundle.unit-test";
		};
/* End PBXNativeTarget section */

/* Begin PBXProject section */
		D833611B259CA32600E802D6 /* Project object */ = {
			isa = PBXProject;
			attributes = {
				LastSwiftUpdateCheck = 1230;
				LastUpgradeCheck = 1230;
				TargetAttributes = {
					D8336125259CA36300E802D6 = {
						CreatedOnToolsVersion = 12.3;
						LastSwiftMigration = 1230;
					};
					D833612E259CA36300E802D6 = {
						CreatedOnToolsVersion = 12.3;
						LastSwiftMigration = 1230;
					};
				};
			};
			buildConfigurationList = D833611E259CA32600E802D6 /* Build configuration list for PBXProject "SwiftRRule" */;
			compatibilityVersion = "Xcode 9.3";
			developmentRegion = en;
			hasScannedForEncodings = 0;
			knownRegions = (
				en,
				Base,
			);
			mainGroup = D833611A259CA32600E802D6;
			packageReferences = (
				D8609BAC259CAFC300DC5109 /* XCRemoteSwiftPackageReference "Nimble" */,
				D8278116259CD4DB00A1B6CA /* XCRemoteSwiftPackageReference "SwiftDate" */,
				D8B6A6BB25A137D20050A157 /* XCRemoteSwiftPackageReference "Quick" */,
			);
			productRefGroup = D8336127259CA36300E802D6 /* Products */;
			projectDirPath = "";
			projectRoot = "";
			targets = (
				D8336125259CA36300E802D6 /* SwiftRRule */,
				D833612E259CA36300E802D6 /* SwiftRRuleTests */,
			);
		};
/* End PBXProject section */

/* Begin PBXResourcesBuildPhase section */
		D8336124259CA36300E802D6 /* Resources */ = {
			isa = PBXResourcesBuildPhase;
			buildActionMask = 2147483647;
			files = (
			);
			runOnlyForDeploymentPostprocessing = 0;
		};
		D833612D259CA36300E802D6 /* Resources */ = {
			isa = PBXResourcesBuildPhase;
			buildActionMask = 2147483647;
			files = (
			);
			runOnlyForDeploymentPostprocessing = 0;
		};
/* End PBXResourcesBuildPhase section */

/* Begin PBXSourcesBuildPhase section */
		D8336122259CA36300E802D6 /* Sources */ = {
			isa = PBXSourcesBuildPhase;
			buildActionMask = 2147483647;
			files = (
				D8CECDA825BAA5B0008DEC70 /* RRuleFreq.swift in Sources */,
				D8CECDCB25BAA617008DEC70 /* Number+Partitionable.swift in Sources */,
				D8CECDBC25BAA5E6008DEC70 /* Iterable.swift in Sources */,
				D8CECDC825BAA617008DEC70 /* WeekDay+RRuleWeekDayInterop.swift in Sources */,
				D8CECDAC25BAA5B0008DEC70 /* RRule.swift in Sources */,
				D8CECDBD25BAA5E6008DEC70 /* Queryable.swift in Sources */,
				D8CECDBE25BAA5E6008DEC70 /* RFC5545.swift in Sources */,
				D8CECDC925BAA617008DEC70 /* Month+RRuleMonthInterop.swift in Sources */,
				D8CECDBF25BAA5E6008DEC70 /* Interop.swift in Sources */,
				D8CECDCA25BAA617008DEC70 /* Number+Flattenable.swift in Sources */,
				D8CECDB225BAA5C6008DEC70 /* Recurrable.swift in Sources */,
				D8CECDB325BAA5C6008DEC70 /* Constants.swift in Sources */,
				D8CECDAA25BAA5B0008DEC70 /* RRuleDetail.swift in Sources */,
				D8CECDB425BAA5C6008DEC70 /* Multi.swift in Sources */,
				D8CECDAB25BAA5B0008DEC70 /* RRuleMonth.swift in Sources */,
				D8CECDA925BAA5B0008DEC70 /* RRuleWeekDay.swift in Sources */,
			);
			runOnlyForDeploymentPostprocessing = 0;
		};
		D833612B259CA36300E802D6 /* Sources */ = {
			isa = PBXSourcesBuildPhase;
			buildActionMask = 2147483647;
			files = (
				D8ACE8DD25BC042B0075065B /* Number+FlattenableSpec.swift in Sources */,
				D8ACE8FD25BC0E0B0075065B /* MultiSpec.swift in Sources */,
				D8ACE8C625BBF29A0075065B /* RRuleWeekDaySpec.swift in Sources */,
				D8ACE8F325BC06420075065B /* RRuleSpec.swift in Sources */,
				D8CECDEA25BAA7A3008DEC70 /* RRuleDetailSpec.swift in Sources */,
				D8ACE8DC25BC042B0075065B /* Month+RRuleMonthInteropSpec.swift in Sources */,
				D8ACE8E725BC04FA0075065B /* WeekDay+RRuleWeekDayInteropSpec.swift in Sources */,
				D8ACE8BE25BBED140075065B /* RRuleFreqSpec.swift in Sources */,
				D8ACE8F725BC07540075065B /* RecurrableSpec.swift in Sources */,
				D8ACE8E325BC045B0075065B /* Number+PartitionableSpec.swift in Sources */,
				D8ACE8C225BBEF640075065B /* RRuleMonthSpec.swift in Sources */,
			);
			runOnlyForDeploymentPostprocessing = 0;
		};
/* End PBXSourcesBuildPhase section */

/* Begin PBXTargetDependency section */
		D8336132259CA36300E802D6 /* PBXTargetDependency */ = {
			isa = PBXTargetDependency;
			target = D8336125259CA36300E802D6 /* SwiftRRule */;
			targetProxy = D8336131259CA36300E802D6 /* PBXContainerItemProxy */;
		};
/* End PBXTargetDependency section */

/* Begin XCBuildConfiguration section */
		D833611F259CA32600E802D6 /* Debug */ = {
			isa = XCBuildConfiguration;
			buildSettings = {
				IPHONEOS_DEPLOYMENT_TARGET = 14.0;
			};
			name = Debug;
		};
		D8336120259CA32600E802D6 /* Release */ = {
			isa = XCBuildConfiguration;
			buildSettings = {
				IPHONEOS_DEPLOYMENT_TARGET = 14.0;
			};
			name = Release;
		};
		D8336139259CA36300E802D6 /* Debug */ = {
			isa = XCBuildConfiguration;
			buildSettings = {
				ALWAYS_SEARCH_USER_PATHS = NO;
				CLANG_ANALYZER_NONNULL = YES;
				CLANG_ANALYZER_NUMBER_OBJECT_CONVERSION = YES_AGGRESSIVE;
				CLANG_CXX_LANGUAGE_STANDARD = "gnu++14";
				CLANG_CXX_LIBRARY = "libc++";
				CLANG_ENABLE_MODULES = YES;
				CLANG_ENABLE_OBJC_ARC = YES;
				CLANG_ENABLE_OBJC_WEAK = YES;
				CLANG_WARN_BLOCK_CAPTURE_AUTORELEASING = YES;
				CLANG_WARN_BOOL_CONVERSION = YES;
				CLANG_WARN_COMMA = YES;
				CLANG_WARN_CONSTANT_CONVERSION = YES;
				CLANG_WARN_DEPRECATED_OBJC_IMPLEMENTATIONS = YES;
				CLANG_WARN_DIRECT_OBJC_ISA_USAGE = YES_ERROR;
				CLANG_WARN_DOCUMENTATION_COMMENTS = YES;
				CLANG_WARN_EMPTY_BODY = YES;
				CLANG_WARN_ENUM_CONVERSION = YES;
				CLANG_WARN_INFINITE_RECURSION = YES;
				CLANG_WARN_INT_CONVERSION = YES;
				CLANG_WARN_NON_LITERAL_NULL_CONVERSION = YES;
				CLANG_WARN_OBJC_IMPLICIT_RETAIN_SELF = YES;
				CLANG_WARN_OBJC_LITERAL_CONVERSION = YES;
				CLANG_WARN_OBJC_ROOT_CLASS = YES_ERROR;
				CLANG_WARN_QUOTED_INCLUDE_IN_FRAMEWORK_HEADER = YES;
				CLANG_WARN_RANGE_LOOP_ANALYSIS = YES;
				CLANG_WARN_STRICT_PROTOTYPES = YES;
				CLANG_WARN_SUSPICIOUS_MOVE = YES;
				CLANG_WARN_UNGUARDED_AVAILABILITY = YES_AGGRESSIVE;
				CLANG_WARN_UNREACHABLE_CODE = YES;
				CLANG_WARN__DUPLICATE_METHOD_MATCH = YES;
				CODE_SIGN_STYLE = Automatic;
				COPY_PHASE_STRIP = NO;
				CURRENT_PROJECT_VERSION = 1;
				DEBUG_INFORMATION_FORMAT = dwarf;
				DEFINES_MODULE = YES;
				DYLIB_COMPATIBILITY_VERSION = 1;
				DYLIB_CURRENT_VERSION = 1;
				DYLIB_INSTALL_NAME_BASE = "@rpath";
				ENABLE_STRICT_OBJC_MSGSEND = YES;
				ENABLE_TESTABILITY = YES;
				GCC_C_LANGUAGE_STANDARD = gnu11;
				GCC_DYNAMIC_NO_PIC = NO;
				GCC_NO_COMMON_BLOCKS = YES;
				GCC_OPTIMIZATION_LEVEL = 0;
				GCC_PREPROCESSOR_DEFINITIONS = (
					"DEBUG=1",
					"$(inherited)",
				);
				GCC_WARN_64_TO_32_BIT_CONVERSION = YES;
				GCC_WARN_ABOUT_RETURN_TYPE = YES_ERROR;
				GCC_WARN_UNDECLARED_SELECTOR = YES;
				GCC_WARN_UNINITIALIZED_AUTOS = YES_AGGRESSIVE;
				GCC_WARN_UNUSED_FUNCTION = YES;
				GCC_WARN_UNUSED_VARIABLE = YES;
				INFOPLIST_FILE = Source/Info.plist;
				INSTALL_PATH = "$(LOCAL_LIBRARY_DIR)/Frameworks";
				IPHONEOS_DEPLOYMENT_TARGET = 14.3;
				LD_RUNPATH_SEARCH_PATHS = (
					"$(inherited)",
					"@executable_path/Frameworks",
					"@loader_path/Frameworks",
				);
				MTL_ENABLE_DEBUG_INFO = INCLUDE_SOURCE;
				MTL_FAST_MATH = YES;
				ONLY_ACTIVE_ARCH = YES;
				PRODUCT_BUNDLE_IDENTIFIER = com.bitliminal.SwiftRRule;
				PRODUCT_NAME = "$(TARGET_NAME:c99extidentifier)";
				SDKROOT = iphoneos;
				SKIP_INSTALL = YES;
				SWIFT_ACTIVE_COMPILATION_CONDITIONS = DEBUG;
				SWIFT_OPTIMIZATION_LEVEL = "-Onone";
				SWIFT_VERSION = 5.0;
				TARGETED_DEVICE_FAMILY = "1,2";
				VERSIONING_SYSTEM = "apple-generic";
				VERSION_INFO_PREFIX = "";
			};
			name = Debug;
		};
		D833613A259CA36300E802D6 /* Release */ = {
			isa = XCBuildConfiguration;
			buildSettings = {
				ALWAYS_SEARCH_USER_PATHS = NO;
				CLANG_ANALYZER_NONNULL = YES;
				CLANG_ANALYZER_NUMBER_OBJECT_CONVERSION = YES_AGGRESSIVE;
				CLANG_CXX_LANGUAGE_STANDARD = "gnu++14";
				CLANG_CXX_LIBRARY = "libc++";
				CLANG_ENABLE_MODULES = YES;
				CLANG_ENABLE_OBJC_ARC = YES;
				CLANG_ENABLE_OBJC_WEAK = YES;
				CLANG_WARN_BLOCK_CAPTURE_AUTORELEASING = YES;
				CLANG_WARN_BOOL_CONVERSION = YES;
				CLANG_WARN_COMMA = YES;
				CLANG_WARN_CONSTANT_CONVERSION = YES;
				CLANG_WARN_DEPRECATED_OBJC_IMPLEMENTATIONS = YES;
				CLANG_WARN_DIRECT_OBJC_ISA_USAGE = YES_ERROR;
				CLANG_WARN_DOCUMENTATION_COMMENTS = YES;
				CLANG_WARN_EMPTY_BODY = YES;
				CLANG_WARN_ENUM_CONVERSION = YES;
				CLANG_WARN_INFINITE_RECURSION = YES;
				CLANG_WARN_INT_CONVERSION = YES;
				CLANG_WARN_NON_LITERAL_NULL_CONVERSION = YES;
				CLANG_WARN_OBJC_IMPLICIT_RETAIN_SELF = YES;
				CLANG_WARN_OBJC_LITERAL_CONVERSION = YES;
				CLANG_WARN_OBJC_ROOT_CLASS = YES_ERROR;
				CLANG_WARN_QUOTED_INCLUDE_IN_FRAMEWORK_HEADER = YES;
				CLANG_WARN_RANGE_LOOP_ANALYSIS = YES;
				CLANG_WARN_STRICT_PROTOTYPES = YES;
				CLANG_WARN_SUSPICIOUS_MOVE = YES;
				CLANG_WARN_UNGUARDED_AVAILABILITY = YES_AGGRESSIVE;
				CLANG_WARN_UNREACHABLE_CODE = YES;
				CLANG_WARN__DUPLICATE_METHOD_MATCH = YES;
				CODE_SIGN_STYLE = Automatic;
				COPY_PHASE_STRIP = NO;
				CURRENT_PROJECT_VERSION = 1;
				DEBUG_INFORMATION_FORMAT = "dwarf-with-dsym";
				DEFINES_MODULE = YES;
				DYLIB_COMPATIBILITY_VERSION = 1;
				DYLIB_CURRENT_VERSION = 1;
				DYLIB_INSTALL_NAME_BASE = "@rpath";
				ENABLE_NS_ASSERTIONS = NO;
				ENABLE_STRICT_OBJC_MSGSEND = YES;
				GCC_C_LANGUAGE_STANDARD = gnu11;
				GCC_NO_COMMON_BLOCKS = YES;
				GCC_WARN_64_TO_32_BIT_CONVERSION = YES;
				GCC_WARN_ABOUT_RETURN_TYPE = YES_ERROR;
				GCC_WARN_UNDECLARED_SELECTOR = YES;
				GCC_WARN_UNINITIALIZED_AUTOS = YES_AGGRESSIVE;
				GCC_WARN_UNUSED_FUNCTION = YES;
				GCC_WARN_UNUSED_VARIABLE = YES;
				INFOPLIST_FILE = Source/Info.plist;
				INSTALL_PATH = "$(LOCAL_LIBRARY_DIR)/Frameworks";
				IPHONEOS_DEPLOYMENT_TARGET = 14.3;
				LD_RUNPATH_SEARCH_PATHS = (
					"$(inherited)",
					"@executable_path/Frameworks",
					"@loader_path/Frameworks",
				);
				MTL_ENABLE_DEBUG_INFO = NO;
				MTL_FAST_MATH = YES;
				PRODUCT_BUNDLE_IDENTIFIER = com.bitliminal.SwiftRRule;
				PRODUCT_NAME = "$(TARGET_NAME:c99extidentifier)";
				SDKROOT = iphoneos;
				SKIP_INSTALL = YES;
				SWIFT_COMPILATION_MODE = wholemodule;
				SWIFT_OPTIMIZATION_LEVEL = "-O";
				SWIFT_VERSION = 5.0;
				TARGETED_DEVICE_FAMILY = "1,2";
				VALIDATE_PRODUCT = YES;
				VERSIONING_SYSTEM = "apple-generic";
				VERSION_INFO_PREFIX = "";
			};
			name = Release;
		};
		D833613C259CA36300E802D6 /* Debug */ = {
			isa = XCBuildConfiguration;
			buildSettings = {
				ALWAYS_EMBED_SWIFT_STANDARD_LIBRARIES = YES;
				ALWAYS_SEARCH_USER_PATHS = NO;
				CLANG_ANALYZER_NONNULL = YES;
				CLANG_ANALYZER_NUMBER_OBJECT_CONVERSION = YES_AGGRESSIVE;
				CLANG_CXX_LANGUAGE_STANDARD = "gnu++14";
				CLANG_CXX_LIBRARY = "libc++";
				CLANG_ENABLE_MODULES = YES;
				CLANG_ENABLE_OBJC_ARC = YES;
				CLANG_ENABLE_OBJC_WEAK = YES;
				CLANG_WARN_BLOCK_CAPTURE_AUTORELEASING = YES;
				CLANG_WARN_BOOL_CONVERSION = YES;
				CLANG_WARN_COMMA = YES;
				CLANG_WARN_CONSTANT_CONVERSION = YES;
				CLANG_WARN_DEPRECATED_OBJC_IMPLEMENTATIONS = YES;
				CLANG_WARN_DIRECT_OBJC_ISA_USAGE = YES_ERROR;
				CLANG_WARN_DOCUMENTATION_COMMENTS = YES;
				CLANG_WARN_EMPTY_BODY = YES;
				CLANG_WARN_ENUM_CONVERSION = YES;
				CLANG_WARN_INFINITE_RECURSION = YES;
				CLANG_WARN_INT_CONVERSION = YES;
				CLANG_WARN_NON_LITERAL_NULL_CONVERSION = YES;
				CLANG_WARN_OBJC_IMPLICIT_RETAIN_SELF = YES;
				CLANG_WARN_OBJC_LITERAL_CONVERSION = YES;
				CLANG_WARN_OBJC_ROOT_CLASS = YES_ERROR;
				CLANG_WARN_QUOTED_INCLUDE_IN_FRAMEWORK_HEADER = YES;
				CLANG_WARN_RANGE_LOOP_ANALYSIS = YES;
				CLANG_WARN_STRICT_PROTOTYPES = YES;
				CLANG_WARN_SUSPICIOUS_MOVE = YES;
				CLANG_WARN_UNGUARDED_AVAILABILITY = YES_AGGRESSIVE;
				CLANG_WARN_UNREACHABLE_CODE = YES;
				CLANG_WARN__DUPLICATE_METHOD_MATCH = YES;
				"CODE_SIGN_IDENTITY[sdk=macosx*]" = "-";
				CODE_SIGN_STYLE = Automatic;
				COPY_PHASE_STRIP = NO;
				DEBUG_INFORMATION_FORMAT = dwarf;
				ENABLE_STRICT_OBJC_MSGSEND = YES;
				ENABLE_TESTABILITY = YES;
				GCC_C_LANGUAGE_STANDARD = gnu11;
				GCC_DYNAMIC_NO_PIC = NO;
				GCC_NO_COMMON_BLOCKS = YES;
				GCC_OPTIMIZATION_LEVEL = 0;
				GCC_PREPROCESSOR_DEFINITIONS = (
					"DEBUG=1",
					"$(inherited)",
				);
				GCC_WARN_64_TO_32_BIT_CONVERSION = YES;
				GCC_WARN_ABOUT_RETURN_TYPE = YES_ERROR;
				GCC_WARN_UNDECLARED_SELECTOR = YES;
				GCC_WARN_UNINITIALIZED_AUTOS = YES_AGGRESSIVE;
				GCC_WARN_UNUSED_FUNCTION = YES;
				GCC_WARN_UNUSED_VARIABLE = YES;
				INFOPLIST_FILE = Tests/Info.plist;
				IPHONEOS_DEPLOYMENT_TARGET = 14.3;
				LD_RUNPATH_SEARCH_PATHS = (
					"$(inherited)",
					"@executable_path/Frameworks",
					"@loader_path/Frameworks",
				);
				MTL_ENABLE_DEBUG_INFO = INCLUDE_SOURCE;
				MTL_FAST_MATH = YES;
				ONLY_ACTIVE_ARCH = YES;
				PRODUCT_BUNDLE_IDENTIFIER = com.bitliminal.SwiftRRuleTests;
				PRODUCT_NAME = "$(TARGET_NAME)";
				SDKROOT = iphoneos;
				SWIFT_ACTIVE_COMPILATION_CONDITIONS = DEBUG;
				SWIFT_OPTIMIZATION_LEVEL = "-Onone";
				SWIFT_VERSION = 5.0;
				TARGETED_DEVICE_FAMILY = "1,2";
			};
			name = Debug;
		};
		D833613D259CA36300E802D6 /* Release */ = {
			isa = XCBuildConfiguration;
			buildSettings = {
				ALWAYS_EMBED_SWIFT_STANDARD_LIBRARIES = YES;
				ALWAYS_SEARCH_USER_PATHS = NO;
				CLANG_ANALYZER_NONNULL = YES;
				CLANG_ANALYZER_NUMBER_OBJECT_CONVERSION = YES_AGGRESSIVE;
				CLANG_CXX_LANGUAGE_STANDARD = "gnu++14";
				CLANG_CXX_LIBRARY = "libc++";
				CLANG_ENABLE_MODULES = YES;
				CLANG_ENABLE_OBJC_ARC = YES;
				CLANG_ENABLE_OBJC_WEAK = YES;
				CLANG_WARN_BLOCK_CAPTURE_AUTORELEASING = YES;
				CLANG_WARN_BOOL_CONVERSION = YES;
				CLANG_WARN_COMMA = YES;
				CLANG_WARN_CONSTANT_CONVERSION = YES;
				CLANG_WARN_DEPRECATED_OBJC_IMPLEMENTATIONS = YES;
				CLANG_WARN_DIRECT_OBJC_ISA_USAGE = YES_ERROR;
				CLANG_WARN_DOCUMENTATION_COMMENTS = YES;
				CLANG_WARN_EMPTY_BODY = YES;
				CLANG_WARN_ENUM_CONVERSION = YES;
				CLANG_WARN_INFINITE_RECURSION = YES;
				CLANG_WARN_INT_CONVERSION = YES;
				CLANG_WARN_NON_LITERAL_NULL_CONVERSION = YES;
				CLANG_WARN_OBJC_IMPLICIT_RETAIN_SELF = YES;
				CLANG_WARN_OBJC_LITERAL_CONVERSION = YES;
				CLANG_WARN_OBJC_ROOT_CLASS = YES_ERROR;
				CLANG_WARN_QUOTED_INCLUDE_IN_FRAMEWORK_HEADER = YES;
				CLANG_WARN_RANGE_LOOP_ANALYSIS = YES;
				CLANG_WARN_STRICT_PROTOTYPES = YES;
				CLANG_WARN_SUSPICIOUS_MOVE = YES;
				CLANG_WARN_UNGUARDED_AVAILABILITY = YES_AGGRESSIVE;
				CLANG_WARN_UNREACHABLE_CODE = YES;
				CLANG_WARN__DUPLICATE_METHOD_MATCH = YES;
				"CODE_SIGN_IDENTITY[sdk=macosx*]" = "-";
				CODE_SIGN_STYLE = Automatic;
				COPY_PHASE_STRIP = NO;
				DEBUG_INFORMATION_FORMAT = "dwarf-with-dsym";
				ENABLE_NS_ASSERTIONS = NO;
				ENABLE_STRICT_OBJC_MSGSEND = YES;
				GCC_C_LANGUAGE_STANDARD = gnu11;
				GCC_NO_COMMON_BLOCKS = YES;
				GCC_WARN_64_TO_32_BIT_CONVERSION = YES;
				GCC_WARN_ABOUT_RETURN_TYPE = YES_ERROR;
				GCC_WARN_UNDECLARED_SELECTOR = YES;
				GCC_WARN_UNINITIALIZED_AUTOS = YES_AGGRESSIVE;
				GCC_WARN_UNUSED_FUNCTION = YES;
				GCC_WARN_UNUSED_VARIABLE = YES;
				INFOPLIST_FILE = Tests/Info.plist;
				IPHONEOS_DEPLOYMENT_TARGET = 14.3;
				LD_RUNPATH_SEARCH_PATHS = (
					"$(inherited)",
					"@executable_path/Frameworks",
					"@loader_path/Frameworks",
				);
				MTL_ENABLE_DEBUG_INFO = NO;
				MTL_FAST_MATH = YES;
				PRODUCT_BUNDLE_IDENTIFIER = com.bitliminal.SwiftRRuleTests;
				PRODUCT_NAME = "$(TARGET_NAME)";
				SDKROOT = iphoneos;
				SWIFT_COMPILATION_MODE = wholemodule;
				SWIFT_OPTIMIZATION_LEVEL = "-O";
				SWIFT_VERSION = 5.0;
				TARGETED_DEVICE_FAMILY = "1,2";
				VALIDATE_PRODUCT = YES;
			};
			name = Release;
		};
/* End XCBuildConfiguration section */

/* Begin XCConfigurationList section */
		D833611E259CA32600E802D6 /* Build configuration list for PBXProject "SwiftRRule" */ = {
			isa = XCConfigurationList;
			buildConfigurations = (
				D833611F259CA32600E802D6 /* Debug */,
				D8336120259CA32600E802D6 /* Release */,
			);
			defaultConfigurationIsVisible = 0;
			defaultConfigurationName = Release;
		};
		D8336138259CA36300E802D6 /* Build configuration list for PBXNativeTarget "SwiftRRule" */ = {
			isa = XCConfigurationList;
			buildConfigurations = (
				D8336139259CA36300E802D6 /* Debug */,
				D833613A259CA36300E802D6 /* Release */,
			);
			defaultConfigurationIsVisible = 0;
			defaultConfigurationName = Release;
		};
		D833613B259CA36300E802D6 /* Build configuration list for PBXNativeTarget "SwiftRRuleTests" */ = {
			isa = XCConfigurationList;
			buildConfigurations = (
				D833613C259CA36300E802D6 /* Debug */,
				D833613D259CA36300E802D6 /* Release */,
			);
			defaultConfigurationIsVisible = 0;
			defaultConfigurationName = Release;
		};
/* End XCConfigurationList section */

/* Begin XCRemoteSwiftPackageReference section */
		D8278116259CD4DB00A1B6CA /* XCRemoteSwiftPackageReference "SwiftDate" */ = {
			isa = XCRemoteSwiftPackageReference;
			repositoryURL = "https://github.com/malcommac/SwiftDate";
			requirement = {
				kind = upToNextMajorVersion;
				minimumVersion = 6.3.1;
			};
		};
		D8609BAC259CAFC300DC5109 /* XCRemoteSwiftPackageReference "Nimble" */ = {
			isa = XCRemoteSwiftPackageReference;
			repositoryURL = "https://github.com/Quick/Nimble";
			requirement = {
				kind = upToNextMajorVersion;
				minimumVersion = 9.0.0;
			};
		};
		D8B6A6BB25A137D20050A157 /* XCRemoteSwiftPackageReference "Quick" */ = {
			isa = XCRemoteSwiftPackageReference;
			repositoryURL = "https://github.com/Quick/Quick";
			requirement = {
				kind = upToNextMajorVersion;
				minimumVersion = 3.0.0;
			};
		};
/* End XCRemoteSwiftPackageReference section */

/* Begin XCSwiftPackageProductDependency section */
		D8278117259CD4DB00A1B6CA /* SwiftDate */ = {
			isa = XCSwiftPackageProductDependency;
			package = D8278116259CD4DB00A1B6CA /* XCRemoteSwiftPackageReference "SwiftDate" */;
			productName = SwiftDate;
		};
		D8609BAD259CAFC300DC5109 /* Nimble */ = {
			isa = XCSwiftPackageProductDependency;
			package = D8609BAC259CAFC300DC5109 /* XCRemoteSwiftPackageReference "Nimble" */;
			productName = Nimble;
		};
		D8B6A6BC25A137D20050A157 /* Quick */ = {
			isa = XCSwiftPackageProductDependency;
			package = D8B6A6BB25A137D20050A157 /* XCRemoteSwiftPackageReference "Quick" */;
			productName = Quick;
		};
/* End XCSwiftPackageProductDependency section */
	};
	rootObject = D833611B259CA32600E802D6 /* Project object */;
}
